<?xml version="1.0" encoding="utf-8"?>
<Project ToolsVersion="4.0" xmlns="http://schemas.microsoft.com/developer/msbuild/2003">
  <ItemGroup>
    <Filter Include="Header">
      <UniqueIdentifier>{93995380-89BD-4b04-88EB-625FBE52EBFB}</UniqueIdentifier>
      <Extensions>h;hh;hpp;hxx;h++;hm;inl;inc;ipp;xsd</Extensions>
    </Filter>
    <Filter Include="Source">
      <UniqueIdentifier>{4FC737F1-C7A5-4376-A066-2A32D752A2FF}</UniqueIdentifier>
      <Extensions>cpp;c;cc;cxx;c++;cppm;ixx;def;odl;idl;hpj;bat;asm;asmx</Extensions>
    </Filter>
    <Filter Include="Resource">
      <UniqueIdentifier>{67DA6AB6-F800-4c08-8B7A-83BB121AAD01}</UniqueIdentifier>
      <Extensions>rc;ico;cur;bmp;dlg;rc2;rct;bin;rgs;gif;jpg;jpeg;jpe;resx;tiff;tif;png;wav;mfcribbon-ms</Extensions>
    </Filter>
  </ItemGroup>
  <ItemGroup>
    <ClCompile Include="encapsulation_1.cpp">
      <Filter>Source</Filter>
    </ClCompile>
    <ClCompile Include="encapsulation_2.cpp">
      <Filter>Source</Filter>
    </ClCompile>
    <ClCompile Include="encapsulation_cube.cpp">
      <Filter>Source</Filter>
    </ClCompile>
    <ClCompile Include="encapsulation_pointandcircle.cpp">
      <Filter>Source</Filter>
    </ClCompile>
    <ClCompile Include="point.cpp">
      <Filter>Source</Filter>
    </ClCompile>
    <ClCompile Include="circle.cpp">
      <Filter>Source</Filter>
    </ClCompile>
    <ClCompile Include="initializationanddestruction_1.cpp">
      <Filter>Source</Filter>
    </ClCompile>
    <ClCompile Include="person.cpp">
      <Filter>Source</Filter>
    </ClCompile>
    <ClCompile Include="initializationanddestruction_2.cpp">
      <Filter>Source</Filter>
    </ClCompile>
    <ClCompile Include="initializationanddestruction_deepandshallowcopy.cpp">
      <Filter>Source</Filter>
    </ClCompile>
    <ClCompile Include="initializationanddestruction_initializerlist.cpp">
      <Filter>Source</Filter>
    </ClCompile>
    <ClCompile Include="initializationanddestruction_objectasamember.cpp">
      <Filter>Source</Filter>
    </ClCompile>
    <ClCompile Include="phone.cpp">
      <Filter>Source</Filter>
    </ClCompile>
    <ClCompile Include="Source.cpp">
      <Filter>Source</Filter>
    </ClCompile>
    <ClCompile Include="initializationanddestruction_staticmembervariable.cpp">
      <Filter>Source</Filter>
    </ClCompile>
    <ClCompile Include="objectmodelandthispointer_separatestoring.cpp">
      <Filter>Source</Filter>
    </ClCompile>
    <ClCompile Include="objectmodelandthispointer_thispointer.cpp">
      <Filter>Source</Filter>
    </ClCompile>
    <ClCompile Include="objectmodelandthispointer_nullpointeraccessingmemberfunc.cpp">
      <Filter>Source</Filter>
    </ClCompile>
    <ClCompile Include="objectmodelandthispointer_constfuncandconstobject.cpp">
      <Filter>Source</Filter>
    </ClCompile>
    <ClCompile Include="friend_globalfuncasfriend.cpp">
      <Filter>Source</Filter>
    </ClCompile>
    <ClCompile Include="friend_classasfriend.cpp">
      <Filter>Source</Filter>
    </ClCompile>
    <ClCompile Include="friend_memberfuncasfriend.cpp">
      <Filter>Source</Filter>
    </ClCompile>
    <ClCompile Include="operatoroverload_plus.cpp">
      <Filter>Source</Filter>
    </ClCompile>
    <ClCompile Include="operatoroverload_leftshift.cpp">
      <Filter>Source</Filter>
    </ClCompile>
    <ClCompile Include="operatoroverload_increment.cpp">
      <Filter>Source</Filter>
    </ClCompile>
    <ClCompile Include="operatoroverload_assignment.cpp">
      <Filter>Source</Filter>
    </ClCompile>
    <ClCompile Include="operatoroverload_relationship.cpp">
      <Filter>Source</Filter>
    </ClCompile>
    <ClCompile Include="operatoroverload_funccalling.cpp">
      <Filter>Source</Filter>
    </ClCompile>
    <ClCompile Include="inheritance_1.cpp">
      <Filter>Source</Filter>
    </ClCompile>
    <ClCompile Include="inheritance_howtoinherit.cpp">
      <Filter>Source</Filter>
    </ClCompile>
    <ClCompile Include="inheritance_memberwithsamenames.cpp">
      <Filter>Source</Filter>
    </ClCompile>
    <ClCompile Include="inheritance_staticmember.cpp">
      <Filter>Source</Filter>
    </ClCompile>
    <ClCompile Include="inheritance_multiplebase.cpp">
      <Filter>Source</Filter>
    </ClCompile>
    <ClCompile Include="inheritance_diamondinheritance.cpp">
      <Filter>Source</Filter>
    </ClCompile>
    <ClCompile Include="polymorphism_1.cpp">
      <Filter>Source</Filter>
    </ClCompile>
    <ClCompile Include="polymorphism_calculator.cpp">
      <Filter>Source</Filter>
    </ClCompile>
  </ItemGroup>
  <ItemGroup>
    <ClInclude Include="point.h">
      <Filter>Header</Filter>
    </ClInclude>
    <ClInclude Include="circle.h">
      <Filter>Header</Filter>
    </ClInclude>
    <ClInclude Include="perosn.h">
      <Filter>Header</Filter>
    </ClInclude>
    <ClInclude Include="phone.h">
      <Filter>Header</Filter>
    </ClInclude>
  </ItemGroup>
</Project>