
Microsoft Visual Studio Solution File, Format Version 12.00
# Visual Studio Version 16
VisualStudioVersion = 16.0.33920.266
MinimumVisualStudioVersion = 10.0.40219.1
Project("{8BC9CEB8-8B4A-11D0-8D11-00A0C91BC942}") = "Project_Template", "Project_Template\Project_Template.vcxproj", "{4AD8E93C-3222-4E70-998E-7A3A439DC268}"
EndProject
Global
	GlobalSection(SolutionConfigurationPlatforms) = preSolution
		Debug|x64 = Debug|x64
		Debug|x86 = Debug|x86
		Release|x64 = Release|x64
		Release|x86 = Release|x86
	EndGlobalSection
	GlobalSection(ProjectConfigurationPlatforms) = postSolution
		{4AD8E93C-3222-4E70-998E-7A3A439DC268}.Debug|x64.ActiveCfg = Debug|x64
		{4AD8E93C-3222-4E70-998E-7A3A439DC268}.Debug|x64.Build.0 = Debug|x64
		{4AD8E93C-3222-4E70-998E-7A3A439DC268}.Debug|x86.ActiveCfg = Debug|Win32
		{4AD8E93C-3222-4E70-998E-7A3A439DC268}.Debug|x86.Build.0 = Debug|Win32
		{4AD8E93C-3222-4E70-998E-7A3A439DC268}.Release|x64.ActiveCfg = Release|x64
		{4AD8E93C-3222-4E70-998E-7A3A439DC268}.Release|x64.Build.0 = Release|x64
		{4AD8E93C-3222-4E70-998E-7A3A439DC268}.Release|x86.ActiveCfg = Release|Win32
		{4AD8E93C-3222-4E70-998E-7A3A439DC268}.Release|x86.Build.0 = Release|Win32
	EndGlobalSection
	GlobalSection(SolutionProperties) = preSolution
		HideSolutionNode = FALSE
	EndGlobalSection
	GlobalSection(ExtensibilityGlobals) = postSolution
		SolutionGuid = {FA779566-A0B6-4AD4-90D5-D97A8B21BE3E}
	EndGlobalSection
EndGlobal
