
Microsoft Visual Studio Solution File, Format Version 12.00
# Visual Studio Version 16
VisualStudioVersion = 16.0.32228.343
MinimumVisualStudioVersion = 10.0.40219.1
Project("{8BC9CEB8-8B4A-11D0-8D11-00A0C91BC942}") = "Tutorial_Memory", "Tutorial_Memory\Tutorial_Memory.vcxproj", "{47FC1890-08B7-4D9A-A37B-B1A13BA9B49B}"
EndProject
Global
	GlobalSection(SolutionConfigurationPlatforms) = preSolution
		Debug|x64 = Debug|x64
		Debug|x86 = Debug|x86
		Release|x64 = Release|x64
		Release|x86 = Release|x86
	EndGlobalSection
	GlobalSection(ProjectConfigurationPlatforms) = postSolution
		{47FC1890-08B7-4D9A-A37B-B1A13BA9B49B}.Debug|x64.ActiveCfg = Debug|x64
		{47FC1890-08B7-4D9A-A37B-B1A13BA9B49B}.Debug|x64.Build.0 = Debug|x64
		{47FC1890-08B7-4D9A-A37B-B1A13BA9B49B}.Debug|x86.ActiveCfg = Debug|Win32
		{47FC1890-08B7-4D9A-A37B-B1A13BA9B49B}.Debug|x86.Build.0 = Debug|Win32
		{47FC1890-08B7-4D9A-A37B-B1A13BA9B49B}.Release|x64.ActiveCfg = Release|x64
		{47FC1890-08B7-4D9A-A37B-B1A13BA9B49B}.Release|x64.Build.0 = Release|x64
		{47FC1890-08B7-4D9A-A37B-B1A13BA9B49B}.Release|x86.ActiveCfg = Release|Win32
		{47FC1890-08B7-4D9A-A37B-B1A13BA9B49B}.Release|x86.Build.0 = Release|Win32
	EndGlobalSection
	GlobalSection(SolutionProperties) = preSolution
		HideSolutionNode = FALSE
	EndGlobalSection
	GlobalSection(ExtensibilityGlobals) = postSolution
		SolutionGuid = {E3E8A598-CE4A-4FA8-928C-AB1BCC94D3DB}
	EndGlobalSection
EndGlobal
