
Microsoft Visual Studio Solution File, Format Version 12.00
# Visual Studio Version 16
VisualStudioVersion = 16.0.32228.343
MinimumVisualStudioVersion = 10.0.40219.1
Project("{8BC9CEB8-8B4A-11D0-8D11-00A0C91BC942}") = "Project_STL_Example2_Grouping_Employees", "Project_STL_Example2_Grouping_Employees\Project_STL_Example2_Grouping_Employees.vcxproj", "{1C003EFA-AC51-4D34-B57B-B72734191CEF}"
EndProject
Global
	GlobalSection(SolutionConfigurationPlatforms) = preSolution
		Debug|x64 = Debug|x64
		Debug|x86 = Debug|x86
		Release|x64 = Release|x64
		Release|x86 = Release|x86
	EndGlobalSection
	GlobalSection(ProjectConfigurationPlatforms) = postSolution
		{1C003EFA-AC51-4D34-B57B-B72734191CEF}.Debug|x64.ActiveCfg = Debug|x64
		{1C003EFA-AC51-4D34-B57B-B72734191CEF}.Debug|x64.Build.0 = Debug|x64
		{1C003EFA-AC51-4D34-B57B-B72734191CEF}.Debug|x86.ActiveCfg = Debug|Win32
		{1C003EFA-AC51-4D34-B57B-B72734191CEF}.Debug|x86.Build.0 = Debug|Win32
		{1C003EFA-AC51-4D34-B57B-B72734191CEF}.Release|x64.ActiveCfg = Release|x64
		{1C003EFA-AC51-4D34-B57B-B72734191CEF}.Release|x64.Build.0 = Release|x64
		{1C003EFA-AC51-4D34-B57B-B72734191CEF}.Release|x86.ActiveCfg = Release|Win32
		{1C003EFA-AC51-4D34-B57B-B72734191CEF}.Release|x86.Build.0 = Release|Win32
	EndGlobalSection
	GlobalSection(SolutionProperties) = preSolution
		HideSolutionNode = FALSE
	EndGlobalSection
	GlobalSection(ExtensibilityGlobals) = postSolution
		SolutionGuid = {C6B88808-929B-4F29-8D0F-EB5582F654AA}
	EndGlobalSection
EndGlobal
