<?xml version="1.0" encoding="utf-8"?>
<Project ToolsVersion="4.0" xmlns="http://schemas.microsoft.com/developer/msbuild/2003">
  <ItemGroup>
    <Filter Include="源文件">
      <UniqueIdentifier>{4FC737F1-C7A5-4376-A066-2A32D752A2FF}</UniqueIdentifier>
      <Extensions>cpp;c;cc;cxx;c++;cppm;ixx;def;odl;idl;hpj;bat;asm;asmx</Extensions>
    </Filter>
    <Filter Include="头文件">
      <UniqueIdentifier>{93995380-89BD-4b04-88EB-625FBE52EBFB}</UniqueIdentifier>
      <Extensions>h;hh;hpp;hxx;h++;hm;inl;inc;ipp;xsd</Extensions>
    </Filter>
    <Filter Include="资源文件">
      <UniqueIdentifier>{67DA6AB6-F800-4c08-8B7A-83BB121AAD01}</UniqueIdentifier>
      <Extensions>rc;ico;cur;bmp;dlg;rc2;rct;bin;rgs;gif;jpg;jpeg;jpe;resx;tiff;tif;png;wav;mfcribbon-ms</Extensions>
    </Filter>
  </ItemGroup>
  <ItemGroup>
    <ClCompile Include="Tutorial_OOP_encapsulation.cpp">
      <Filter>源文件</Filter>
    </ClCompile>
    <ClCompile Include="Tutorial_OOP_private-attributes.cpp">
      <Filter>源文件</Filter>
    </ClCompile>
    <ClCompile Include="Tutorial_OOP_example_Cube.cpp">
      <Filter>源文件</Filter>
    </ClCompile>
    <ClCompile Include="Tutorial_OOP_example_CirclePoint.cpp">
      <Filter>源文件</Filter>
    </ClCompile>
    <ClCompile Include="point.cpp">
      <Filter>源文件</Filter>
    </ClCompile>
    <ClCompile Include="circle.cpp">
      <Filter>源文件</Filter>
    </ClCompile>
    <ClCompile Include="Tutorial_OOP_constructer-destructor.cpp">
      <Filter>源文件</Filter>
    </ClCompile>
    <ClCompile Include="Tutorial_OOP_deep-shallow-copy.cpp">
      <Filter>源文件</Filter>
    </ClCompile>
    <ClCompile Include="Tutorial_OOP_Initialization-list.cpp">
      <Filter>源文件</Filter>
    </ClCompile>
    <ClCompile Include="Tutorial_OOP_object-in-object.cpp">
      <Filter>源文件</Filter>
    </ClCompile>
    <ClCompile Include="Tutorial_OOP_static-member.cpp">
      <Filter>源文件</Filter>
    </ClCompile>
    <ClCompile Include="Tutorial_OOP_this-pointer.cpp">
      <Filter>源文件</Filter>
    </ClCompile>
    <ClCompile Include="Tutorial_OOP_empty-pointer-access-member-function.cpp">
      <Filter>源文件</Filter>
    </ClCompile>
    <ClCompile Include="Tutorial_OOP_const-member-function.cpp">
      <Filter>源文件</Filter>
    </ClCompile>
    <ClCompile Include="Tutorial_OOP_friend.cpp">
      <Filter>源文件</Filter>
    </ClCompile>
    <ClCompile Include="building.cpp">
      <Filter>源文件</Filter>
    </ClCompile>
    <ClCompile Include="Bro.cpp">
      <Filter>源文件</Filter>
    </ClCompile>
  </ItemGroup>
  <ItemGroup>
    <ClInclude Include="point.h">
      <Filter>头文件</Filter>
    </ClInclude>
    <ClInclude Include="circle.h">
      <Filter>头文件</Filter>
    </ClInclude>
    <ClInclude Include="building.h">
      <Filter>头文件</Filter>
    </ClInclude>
    <ClInclude Include="Friend.h">
      <Filter>头文件</Filter>
    </ClInclude>
  </ItemGroup>
</Project>